<?xml version="1.0" encoding="utf-8"?>
<Project ToolsVersion="4.0" xmlns="http://schemas.microsoft.com/developer/msbuild/2003">
  <ItemGroup>
    <ClCompile Include="src\Core\Context\Context.cpp" />
    <ClCompile Include="src\Core\Debug\Assert.cpp" />
    <ClCompile Include="src\Core\Hash\Hash.cpp" />
    <ClCompile Include="src\Core\Math\Vector\Vec2.cpp" />
    <ClCompile Include="src\Core\Math\Vector\Vec3.cpp" />
    <ClCompile Include="src\Core\Math\Vector\Vec4.cpp" />
    <ClCompile Include="src\Core\Math\Math.cpp" />
    <ClCompile Include="src\Core\Math\Matrix.cpp" />
    <ClCompile Include="src\Core\Math\Quat.cpp" />
    <ClCompile Include="src\Core\Math\Random.cpp" />
    <ClCompile Include="src\Core\Math\Transform.cpp" />
    <ClCompile Include="src\Core\Math\Vector.cpp" />
    <ClCompile Include="src\Core\Memory\Allocator.cpp" />
    <ClCompile Include="src\Core\Memory\TempStack.cpp" />
    <ClCompile Include="src\Core\OS\File.cpp" />
    <ClCompile Include="src\Core\OS\Path.cpp" />
    <ClCompile Include="src\Core\Render\FrameBuffer.cpp" />
    <ClCompile Include="src\Core\Render\FullscreenQuad.cpp" />
    <ClCompile Include="src\Core\Render\Material.cpp" />
    <ClCompile Include="src\Core\Render\Mesh.cpp" />
    <ClCompile Include="src\Core\Render\Texture.cpp" />
    <ClCompile Include="src\Core\Render\UniformCache.cpp" />
    <ClCompile Include="src\Core\Render\VertexBuffer.cpp" />
    <ClCompile Include="src\Core\Resource\MaterialResource.cpp" />
    <ClCompile Include="src\Core\Resource\MeshResource.cpp" />
    <ClCompile Include="src\Core\Resource\Resource.cpp" />
    <ClCompile Include="src\Core\Resource\ResourceManager.cpp" />
    <ClCompile Include="src\Core\Resource\ShaderResource.cpp" />
    <ClCompile Include="src\Core\Resource\TextureResource.cpp" />
    <ClCompile Include="src\Core\Scene\Scene.cpp" />
    <ClCompile Include="src\Core\Serialize\Json.cpp" />
    <ClCompile Include="src\Core\Standard\Color.cpp" />
    <ClCompile Include="src\Core\Standard\String.cpp" />
    <ClCompile Include="src\Core\Test\Tests\Test_array.cpp" />
    <ClCompile Include="src\Core\Test\Tests\Test_delegate.cpp" />
    <ClCompile Include="src\Core\Test\Tests\Test_event.cpp" />
    <ClCompile Include="src\Core\Test\Tests\Test_map.cpp" />
    <ClCompile Include="src\Core\Test\Tests\Test_math.cpp" />
    <ClCompile Include="src\Core\Test\Tests\Test_matrix.cpp" />
    <ClCompile Include="src\Core\Test\Tests\Test_quat.cpp" />
    <ClCompile Include="src\Core\Test\Tests\Test_string.cpp" />
    <ClCompile Include="src\Core\Test\Tests\Test_type.cpp" />
    <ClCompile Include="src\Core\Test\Tests\Test_vector.cpp" />
    <ClCompile Include="src\Core\Test\Test.cpp" />
    <ClCompile Include="src\Core\Time\PerformanceClock.cpp" />
    <ClCompile Include="src\Core\Time\Time.cpp" />
    <ClCompile Include="src\Core\Time\TimeStamp.cpp" />
    <ClCompile Include="src\Core\Type\Property.cpp" />
    <ClCompile Include="src\Core\Type\Reflection.cpp" />
    <ClCompile Include="src\Core\Type\Type.cpp" />
    <ClCompile Include="src\Engine\Collision\Primitives\Primitives.cpp" />
    <ClCompile Include="src\Engine\Collision\Collision.cpp" />
    <ClCompile Include="src\Engine\Debug\Debug.cpp" />
    <ClCompile Include="src\Engine\Debug\DebugDrawManager.cpp" />
    <ClCompile Include="src\Engine\Debug\DebugPrintManager.cpp" />
    <ClCompile Include="src\Engine\GUI\Style\StyledStringParser.cpp" />
    <ClCompile Include="src\Engine\GUI\Style\StyleResource.cpp" />
    <ClCompile Include="src\Engine\GUI\Text\FontResource.cpp" />
    <ClCompile Include="src\Engine\GUI\Text\TextMesh.cpp" />
    <ClCompile Include="src\Engine\Widget\Container\VerticalBoxWidget.cpp" />
    <ClCompile Include="src\Engine\Widget\Debug\PerformanceWidget.cpp" />
    <ClCompile Include="src\Engine\Widget\Debug\PrintWidget.cpp" />
    <ClCompile Include="src\Engine\Widget\Text\TextWidget.cpp" />
    <ClCompile Include="src\Engine\Widget\SlottedWidget.cpp" />
    <ClCompile Include="src\main.cpp" />
    <ClCompile Include="src\PCH.cpp" />
  </ItemGroup>
  <ItemGroup>
    <ClInclude Include="src\Core\Context\Context.h" />
    <ClInclude Include="src\Core\Debug\Assert.h" />
    <ClInclude Include="src\Core\Debug\GLDebug.h" />
    <ClInclude Include="src\Core\Delegate\Delegate.h" />
    <ClInclude Include="src\Core\Delegate\Event.h" />
    <ClInclude Include="src\Core\Hash\Hash.h" />
    <ClInclude Include="src\Core\Input\Input.h" />
    <ClInclude Include="src\Core\Input\Key.h" />
    <ClInclude Include="src\Core\Input\Mouse.h" />
    <ClInclude Include="src\Core\Math\Vector\Vec2.h" />
    <ClInclude Include="src\Core\Math\Vector\Vec3.h" />
    <ClInclude Include="src\Core\Math\Vector\Vec4.h" />
    <ClInclude Include="src\Core\Math\Constants.h" />
    <ClInclude Include="src\Core\Math\Math.h" />
    <ClInclude Include="src\Core\Math\Matrix.h" />
    <ClInclude Include="src\Core\Math\Plane.h" />
    <ClInclude Include="src\Core\Math\Quat.h" />
    <ClInclude Include="src\Core\Math\Random.h" />
    <ClInclude Include="src\Core\Math\Ray.h" />
    <ClInclude Include="src\Core\Math\Transform.h" />
    <ClInclude Include="src\Core\Math\Vector.h" />
    <ClInclude Include="src\Core\Memory\Allocator.h" />
    <ClInclude Include="src\Core\Memory\TempStack.h" />
    <ClInclude Include="src\Core\OS\File.h" />
    <ClInclude Include="src\Core\OS\Path.h" />
    <ClInclude Include="src\Core\Render\FrameBuffer.h" />
    <ClInclude Include="src\Core\Render\FullscreenQuad.h" />
    <ClInclude Include="src\Core\Render\Material.h" />
    <ClInclude Include="src\Core\Render\Mesh.h" />
    <ClInclude Include="src\Core\Render\Texture.h" />
    <ClInclude Include="src\Core\Render\UniformCache.h" />
    <ClInclude Include="src\Core\Render\VertexBuffer.h" />
    <ClInclude Include="src\Core\Resource\MaterialResource.h" />
    <ClInclude Include="src\Core\Resource\MeshResource.h" />
    <ClInclude Include="src\Core\Resource\Resource.h" />
    <ClInclude Include="src\Core\Resource\ResourceManager.h" />
    <ClInclude Include="src\Core\Resource\ShaderResource.h" />
    <ClInclude Include="src\Core\Resource\TextureResource.h" />
    <ClInclude Include="src\Core\Scene\Scene.h" />
    <ClInclude Include="src\Core\Serialize\Json.h" />
    <ClInclude Include="src\Core\Standard\Array.h" />
    <ClInclude Include="src\Core\Standard\Color.h" />
    <ClInclude Include="src\Core\Standard\Map.h" />
    <ClInclude Include="src\Core\Standard\String.h" />
    <ClInclude Include="src\Core\Test\Test.h" />
    <ClInclude Include="src\Core\Time\PerformanceClock.h" />
    <ClInclude Include="src\Core\Time\Time.h" />
    <ClInclude Include="src\Core\Time\TimeStamp.h" />
    <ClInclude Include="src\Core\Type\Property.h" />
    <ClInclude Include="src\Core\Type\PropertyHelpers.h" />
    <ClInclude Include="src\Core\Type\Reflection.h" />
    <ClInclude Include="src\Core\Type\Type.h" />
    <ClInclude Include="src\Core\Type\TypedObject.h" />
    <ClInclude Include="src\Core\Type\TypeHelpers.h" />
    <ClInclude Include="src\Core\Defer.h" />
    <ClInclude Include="src\Engine\Collision\Primitives\Primitives.h" />
    <ClInclude Include="src\Engine\Collision\Collision.h" />
    <ClInclude Include="src\Engine\Debug\Debug.h" />
    <ClInclude Include="src\Engine\Debug\DebugDrawManager.h" />
    <ClInclude Include="src\Engine\Debug\DebugPrintManager.h" />
    <ClInclude Include="src\Engine\GUI\Style\Style.h" />
    <ClInclude Include="src\Engine\GUI\Style\StyledStringParser.h" />
    <ClInclude Include="src\Engine\GUI\Style\StyleResource.h" />
    <ClInclude Include="src\Engine\GUI\Text\Font.h" />
    <ClInclude Include="src\Engine\GUI\Text\FontResource.h" />
    <ClInclude Include="src\Engine\GUI\Text\TextMesh.h" />
    <ClInclude Include="src\Engine\Widget\Alignment\SpacerWidget.h" />
    <ClInclude Include="src\Engine\Widget\Container\VerticalBoxWidget.h" />
    <ClInclude Include="src\Engine\Widget\Debug\PerformanceWidget.h" />
    <ClInclude Include="src\Engine\Widget\Debug\PrintWidget.h" />
    <ClInclude Include="src\Engine\Widget\Slot\WidgetSlot.h" />
    <ClInclude Include="src\Engine\Widget\Text\TextWidget.h" />
    <ClInclude Include="src\Engine\Widget\SlottedWidget.h" />
    <ClInclude Include="src\Engine\Widget\Structs.h" />
    <ClInclude Include="src\Engine\Widget\Widget.h" />
    <ClInclude Include="src\CppWarn.h" />
    <ClInclude Include="src\PCH.h" />
    <ClInclude Include="src\TypeDefs.h" />
  </ItemGroup>
  <ItemGroup>
    <None Include="src\Core\Math\Math.inl" />
    <None Include="src\Core\Standard\Array.inl" />
    <None Include="src\Core\Standard\Map.inl" />
  </ItemGroup>
</Project>