<?xml version="1.0" encoding="utf-8"?>
<Project ToolsVersion="4.0" xmlns="http://schemas.microsoft.com/developer/msbuild/2003">
  <ItemGroup>
    <ClInclude Include="src\Core\Input\Key.h" />
    <ClInclude Include="src\Core\Render\Material.h" />
    <ClInclude Include="src\Core\Scene\Scene.h" />
    <ClInclude Include="src\Core\Time\Time.h" />
    <ClInclude Include="src\Engine\Camera\CameraComponent.h" />
    <ClInclude Include="src\Engine\Rendering\RenderableComponent.h" />
    <ClInclude Include="src\Engine\Rendering\RenderStaticComponent.h" />
    <ClInclude Include="src\Engine\Rendering\RenderSystem.h" />
    <ClInclude Include="src\Engine\Transform\TransformComponent.h" />
    <ClInclude Include="src\Core\Context\Context.h" />
    <ClInclude Include="src\Core\System\System.h" />
    <ClInclude Include="src\Core\Entity\Entity.h" />
    <ClInclude Include="src\Core\Input\Input.h" />
    <ClInclude Include="src\Core\Component\Component.h" />
    <ClInclude Include="src\Engine\Capability\CapabilitySystem.h" />
    <ClInclude Include="src\Engine\Capability\CapabilityComponent.h" />
    <ClInclude Include="src\Engine\Capability\CapabilityStatics.h" />
    <ClInclude Include="src\Engine\Capability\Capability.h" />
    <ClInclude Include="src\Runtime\Player\Movement\PlayerMovementCapability.h" />
    <ClInclude Include="src\Engine\Rendering\RenderData.h" />
    <ClInclude Include="src\Engine\Rendering\RenderPipeline.h" />
    <ClInclude Include="src\Core\Render\VertexBuffer.h" />
    <ClInclude Include="src\Core\Render\Mesh.h" />
    <ClInclude Include="src\Core\Defer.h" />
    <ClInclude Include="src\Core\Render\FrameBuffer.h" />
    <ClInclude Include="src\Core\Render\FullscreenQuad.h" />
    <ClInclude Include="src\Core\Render\Texture.h" />
    <ClInclude Include="src\Core\OS\File.h" />
    <ClInclude Include="src\Core\Serialize\Json.h" />
    <ClInclude Include="src\Core\Resource\ResourceManager.h" />
    <ClInclude Include="src\Core\Resource\Resource.h" />
    <ClInclude Include="src\Core\Resource\MeshResource.h" />
    <ClInclude Include="src\Core\Resource\ShaderResource.h" />
    <ClInclude Include="src\PCH.h" />
    <ClInclude Include="src\Core\OS\Path.h" />
    <ClInclude Include="src\Core\Resource\MaterialResource.h" />
    <ClInclude Include="src\Runtime\Player\Player.h" />
    <ClInclude Include="src\Runtime\Player\Movement\MouseAimCapability.h" />
    <ClInclude Include="src\Runtime\Camera\FollowCamera.h" />
    <ClInclude Include="src\Runtime\Camera\Camera.h" />
    <ClInclude Include="src\Core\Math\Ray.h" />
    <ClInclude Include="src\Core\Math\Plane.h" />
    <ClInclude Include="src\Engine\Shape\Shape.h" />
    <ClInclude Include="src\Runtime\Player\Movement\AimLookCapability.h" />
    <ClInclude Include="src\Core\Math\Math.h" />
    <ClInclude Include="src\Core\Resource\TextureResource.h" />
    <ClInclude Include="src\Engine\GUI\GuiSystem.h" />
    <ClInclude Include="src\CppWarn.h" />
    <ClInclude Include="src\Core\Memory\Allocator.h" />
    <ClInclude Include="src\Core\Class\TypedObject.h" />
    <ClInclude Include="src\Core\Class\Type.h" />
    <ClInclude Include="src\TypeDefs.h" />
    <ClInclude Include="src\Core\Class\TypeHelpers.h" />
    <ClInclude Include="src\Core\Memory\TempStack.h" />
    <ClInclude Include="src\Core\Standard\Array.h" />
    <ClInclude Include="src\Core\Standard\Color.h" />
    <ClInclude Include="src\Core\Standard\String.h" />
    <ClInclude Include="src\Core\Test\Test.h" />
    <ClInclude Include="src\Core\Standard\Map.h" />
    <ClInclude Include="src\Core\Hash\Hash.h" />
    <ClInclude Include="src\Core\Time\TimeStamp.h" />
    <ClInclude Include="src\Core\Time\PerformanceClock.h" />
    <ClInclude Include="src\Core\Render\UniformCache.h" />
    <ClInclude Include="src\Engine\GUI\Style\Style.h" />
    <ClInclude Include="src\Engine\GUI\Style\StyledStringParser.h" />
    <ClInclude Include="src\Engine\GUI\Style\StyleResource.h" />
    <ClInclude Include="src\Engine\GUI\Text\Font.h" />
    <ClInclude Include="src\Engine\GUI\Text\TextMesh.h" />
    <ClInclude Include="src\Engine\GUI\Text\FontResource.h" />
    <ClInclude Include="src\Core\Class\Reflection.h" />
    <ClInclude Include="src\Core\Class\Property.h" />
    <ClInclude Include="src\Core\Class\PropertyHelpers.h" />
    <ClInclude Include="src\Engine\Widget\Alignment\SpacerWidget.h" />
    <ClInclude Include="src\Engine\Widget\Container\VerticalBoxWidget.h" />
    <ClInclude Include="src\Engine\Widget\Debug\InspectorWidget.h" />
    <ClInclude Include="src\Engine\Widget\Debug\PerformanceWidget.h" />
    <ClInclude Include="src\Engine\Widget\Debug\PrintWidget.h" />
    <ClInclude Include="src\Engine\Widget\Slot\WidgetSlot.h" />
    <ClInclude Include="src\Engine\Widget\Text\TextWidget.h" />
    <ClInclude Include="src\Engine\Widget\SlottedWidget.h" />
    <ClInclude Include="src\Engine\Widget\Structs.h" />
    <ClInclude Include="src\Engine\Widget\Widget.h" />
    <ClInclude Include="src\Runtime\Projectile\Projectile.h" />
    <ClInclude Include="src\Runtime\Player\Combat\PlayerFireCapability.h" />
    <ClInclude Include="src\Engine\Entity\DestroyComponent.h" />
    <ClInclude Include="src\Engine\Entity\DestroySystem.h" />
    <ClInclude Include="src\Core\Input\Mouse.h" />
    <ClInclude Include="src\Core\Debug\Assert.h" />
    <ClInclude Include="src\Core\Debug\GLDebug.h" />
    <ClInclude Include="src\Engine\Debug\Debug.h" />
    <ClInclude Include="src\Engine\Debug\DebugDrawManager.h" />
    <ClInclude Include="src\Engine\Debug\DebugPrintManager.h" />
    <ClInclude Include="src\Engine\Collision\Collision.h" />
    <ClInclude Include="src\Engine\Collision\ColliderComponent.h" />
    <ClInclude Include="src\Engine\Collision\CollisionSystem.h" />
    <ClInclude Include="src\Core\Delegate\Delegate.h" />
    <ClInclude Include="src\Core\Delegate\Event.h" />
    <ClInclude Include="src\Core\Math\Vector.h" />
    <ClInclude Include="src\Core\Math\Quat.h" />
    <ClInclude Include="src\Core\Math\Constants.h" />
    <ClInclude Include="src\Core\Math\Matrix.h" />
    <ClInclude Include="src\Core\Math\Vector\Vec3.h" />
    <ClInclude Include="src\Core\Math\Vector\Vec4.h" />
    <ClInclude Include="src\Core\Math\Vector\Vec2.h" />
  </ItemGroup>
  <ItemGroup>
    <ClCompile Include="src\Core\Render\Material.cpp" />
    <ClCompile Include="src\Core\Scene\Scene.cpp" />
    <ClCompile Include="src\Core\Time\Time.cpp" />
    <ClCompile Include="src\Engine\Rendering\RenderSystem.cpp" />
    <ClCompile Include="src\main.cpp" />
    <ClCompile Include="src\Core\Context\Context.cpp" />
    <ClCompile Include="src\Engine\Capability\CapabilitySystem.cpp" />
    <ClCompile Include="src\Engine\Capability\CapabilityStatics.cpp" />
    <ClCompile Include="src\Runtime\Player\Movement\PlayerMovementCapability.cpp" />
    <ClCompile Include="src\Engine\Capability\Capability.cpp" />
    <ClCompile Include="src\Engine\Rendering\RenderPipeline.cpp" />
    <ClCompile Include="src\Core\Render\VertexBuffer.cpp" />
    <ClCompile Include="src\Core\Render\FrameBuffer.cpp" />
    <ClCompile Include="src\Core\Render\FullscreenQuad.cpp" />
    <ClCompile Include="src\Core\Render\Texture.cpp" />
    <ClCompile Include="src\Core\OS\File.cpp" />
    <ClCompile Include="src\Core\Serialize\Json.cpp" />
    <ClCompile Include="src\Core\Resource\ResourceManager.cpp" />
    <ClCompile Include="src\Core\Resource\MeshResource.cpp" />
    <ClCompile Include="src\Core\Resource\ShaderResource.cpp" />
    <ClCompile Include="src\Core\OS\Path.cpp" />
    <ClCompile Include="src\Core\Resource\MaterialResource.cpp" />
    <ClCompile Include="src\Core\Resource\Resource.cpp" />
    <ClCompile Include="src\Runtime\Player\Player.cpp" />
    <ClCompile Include="src\Runtime\Player\Movement\MouseAimCapability.cpp" />
    <ClCompile Include="src\Runtime\Camera\FollowCamera.cpp" />
    <ClCompile Include="src\Runtime\Camera\Camera.cpp" />
    <ClCompile Include="src\PCH.cpp" />
    <ClCompile Include="src\Engine\Shape\Shape.cpp" />
    <ClCompile Include="src\Runtime\Player\Movement\AimLookCapability.cpp" />
    <ClCompile Include="src\Core\Math\Math.cpp" />
    <ClCompile Include="src\Core\Resource\TextureResource.cpp" />
    <ClCompile Include="src\Engine\GUI\GuiSystem.cpp" />
    <ClCompile Include="src\Core\Render\Mesh.cpp" />
    <ClCompile Include="src\Core\Memory\Allocator.cpp" />
    <ClCompile Include="src\Core\Class\Type.cpp" />
    <ClCompile Include="src\Core\Memory\TempStack.cpp" />
    <ClCompile Include="src\Core\Standard\Color.cpp" />
    <ClCompile Include="src\Core\Standard\String.cpp" />
    <ClCompile Include="src\Core\Test\Test.cpp" />
    <ClCompile Include="src\Core\Test\Tests\Test_string.cpp" />
    <ClCompile Include="src\Core\Test\Tests\Test_array.cpp" />
    <ClCompile Include="src\Core\Test\Tests\Test_map.cpp" />
    <ClCompile Include="src\Core\Hash\Hash.cpp" />
    <ClCompile Include="src\Core\Time\PerformanceClock.cpp" />
    <ClCompile Include="src\Core\Time\TimeStamp.cpp" />
    <ClCompile Include="src\Core\Render\UniformCache.cpp" />
    <ClCompile Include="src\Engine\GUI\Style\StyledStringParser.cpp" />
    <ClCompile Include="src\Engine\GUI\Style\StyleResource.cpp" />
    <ClCompile Include="src\Engine\GUI\Text\TextMesh.cpp" />
    <ClCompile Include="src\Engine\GUI\Text\FontResource.cpp" />
    <ClCompile Include="src\Core\Test\Tests\Test_type.cpp" />
    <ClCompile Include="src\Core\Class\Reflection.cpp" />
    <ClCompile Include="src\Core\Class\Property.cpp" />
    <ClCompile Include="src\Core\Entity\Entity.cpp" />
    <ClCompile Include="src\Engine\Transform\TransformComponent.cpp" />
    <ClCompile Include="src\Engine\Rendering\RenderableComponent.cpp" />
    <ClCompile Include="src\Engine\Capability\CapabilityComponent.cpp" />
    <ClCompile Include="src\Engine\Camera\CameraComponent.cpp" />
    <ClCompile Include="src\Engine\Rendering\RenderStaticComponent.cpp" />
    <ClCompile Include="src\Engine\Widget\Container\VerticalBoxWidget.cpp" />
    <ClCompile Include="src\Engine\Widget\Debug\InspectorWidget.cpp" />
    <ClCompile Include="src\Engine\Widget\Debug\PerformanceWidget.cpp" />
    <ClCompile Include="src\Engine\Widget\Debug\PrintWidget.cpp" />
    <ClCompile Include="src\Engine\Widget\Text\TextWidget.cpp" />
    <ClCompile Include="src\Engine\Widget\SlottedWidget.cpp" />
    <ClCompile Include="src\Runtime\Projectile\Projectile.cpp" />
    <ClCompile Include="src\Runtime\Player\Combat\PlayerFireCapability.cpp" />
    <ClCompile Include="src\Engine\Entity\DestroyComponent.cpp" />
    <ClCompile Include="src\Core\Debug\Assert.cpp" />
    <ClCompile Include="src\Engine\Debug\Debug.cpp" />
    <ClCompile Include="src\Engine\Debug\DebugDrawManager.cpp" />
    <ClCompile Include="src\Engine\Debug\DebugPrintManager.cpp" />
    <ClCompile Include="src\Engine\Collision\ColliderComponent.cpp" />
    <ClCompile Include="src\Engine\Collision\CollisionSystem.cpp" />
    <ClCompile Include="src\Core\Test\Tests\Test_delegate.cpp" />
    <ClCompile Include="src\Core\Test\Tests\Test_event.cpp" />
    <ClCompile Include="src\Engine\Collision\Collision.cpp" />
    <ClCompile Include="src\Core\Test\Tests\Test_vector.cpp" />
    <ClCompile Include="src\Core\Math\Vector.cpp" />
    <ClCompile Include="src\Core\Math\Quat.cpp" />
    <ClCompile Include="src\Core\Test\Tests\Test_quat.cpp" />
    <ClCompile Include="src\Core\Test\Tests\Test_math.cpp" />
    <ClCompile Include="src\Core\Math\Matrix.cpp" />
    <ClCompile Include="src\Core\Test\Tests\Test_matrix.cpp" />
    <ClCompile Include="src\Core\Math\Vector\Vec3.cpp" />
    <ClCompile Include="src\Core\Math\Vector\Vec4.cpp" />
    <ClCompile Include="src\Core\Math\Vector\Vec2.cpp" />
  </ItemGroup>
  <ItemGroup>
    <None Include="src\Core\Standard\Array.inl" />
    <None Include="src\Core\Standard\Map.inl" />
    <None Include="src\Core\Math\Math.inl" />
  </ItemGroup>
  <ItemGroup>
    <Natvis Include="src\Core\Standard\debug.natvis" />
  </ItemGroup>
</Project>